
Microsoft Visual Studio Solution File, Format Version 12.00
# Visual Studio 15
VisualStudioVersion = 15.0.27703.2035
MinimumVisualStudioVersion = 10.0.40219.1
Project("{9092AA53-FB77-4645-B42D-1CCCA6BD08BD}") = "ffxiv-simulator", "ffxiv-simulator\ffxiv-simulator.njsproj", "{D6B2D769-32FD-46AA-BDDD-F42D7805AB19}"
EndProject
Global
	GlobalSection(SolutionConfigurationPlatforms) = preSolution
		Debug|Any CPU = Debug|Any CPU
		Release|Any CPU = Release|Any CPU
	EndGlobalSection
	GlobalSection(ProjectConfigurationPlatforms) = postSolution
		{D6B2D769-32FD-46AA-BDDD-F42D7805AB19}.Debug|Any CPU.ActiveCfg = Debug|Any CPU
		{D6B2D769-32FD-46AA-BDDD-F42D7805AB19}.Debug|Any CPU.Build.0 = Debug|Any CPU
		{D6B2D769-32FD-46AA-BDDD-F42D7805AB19}.Release|Any CPU.ActiveCfg = Release|Any CPU
		{D6B2D769-32FD-46AA-BDDD-F42D7805AB19}.Release|Any CPU.Build.0 = Release|Any CPU
	EndGlobalSection
	GlobalSection(SolutionProperties) = preSolution
		HideSolutionNode = FALSE
	EndGlobalSection
	GlobalSection(ExtensibilityGlobals) = postSolution
		SolutionGuid = {D5A800A6-6FE7-4A7F-AC15-2484BE5E2E58}
	EndGlobalSection
EndGlobal
